<?xml version="1.0" encoding="utf-8"?>
<Project ToolsVersion="4.0" xmlns="http://schemas.microsoft.com/developer/msbuild/2003">
  <ItemGroup>
    <Filter Include="Source Files">
      <UniqueIdentifier>{4FC737F1-C7A5-4376-A066-2A32D752A2FF}</UniqueIdentifier>
      <Extensions>cpp;c;cc;cxx;def;odl;idl;hpj;bat;asm;asmx</Extensions>
    </Filter>
    <Filter Include="Header Files">
      <UniqueIdentifier>{93995380-89BD-4b04-88EB-625FBE52EBFB}</UniqueIdentifier>
      <Extensions>h;hpp;hxx;hm;inl;inc;xsd</Extensions>
    </Filter>
    <Filter Include="Resource Files">
      <UniqueIdentifier>{67DA6AB6-F800-4c08-8B7A-83BB121AAD01}</UniqueIdentifier>
      <Extensions>rc;ico;cur;bmp;dlg;rc2;rct;bin;rgs;gif;jpg;jpeg;jpe;resx;tiff;tif;png;wav;mfcribbon-ms</Extensions>
    </Filter>
  </ItemGroup>
  <ItemGroup>
    <ClInclude Include="AboutBox.h">
      <Filter>Header Files</Filter>
    </ClInclude>
    <ClInclude Include="AVLBTree.h">
      <Filter>Header Files</Filter>
    </ClInclude>
    <ClInclude Include="BuildNumber.h">
      <Filter>Header Files</Filter>
    </ClInclude>
    <ClInclude Include="CCmdQueue.h">
      <Filter>Header Files</Filter>
    </ClInclude>
    <ClInclude Include="CFastFile.h">
      <Filter>Header Files</Filter>
    </ClInclude>
    <ClInclude Include="CFileContext.h">
      <Filter>Header Files</Filter>
    </ClInclude>
    <ClInclude Include="CFileLinesDB.h">
      <Filter>Header Files</Filter>
    </ClInclude>
    <ClInclude Include="CHexLinesDB.h">
      <Filter>Header Files</Filter>
    </ClInclude>
    <ClInclude Include="CJobManager.h">
      <Filter>Header Files</Filter>
    </ClInclude>
    <ClInclude Include="CJobQueue.h">
      <Filter>Header Files</Filter>
    </ClInclude>
    <ClInclude Include="CLinesDB.h">
      <Filter>Header Files</Filter>
    </ClInclude>
    <ClInclude Include="CMutex.h">
      <Filter>Header Files</Filter>
    </ClInclude>
    <ClInclude Include="CMutexRW.h">
      <Filter>Header Files</Filter>
    </ClInclude>
    <ClInclude Include="CParser2.h">
      <Filter>Header Files</Filter>
    </ClInclude>
    <ClInclude Include="CParserASCII.h">
      <Filter>Header Files</Filter>
    </ClInclude>
    <ClInclude Include="CParserBinary.h">
      <Filter>Header Files</Filter>
    </ClInclude>
    <ClInclude Include="CParserMIRC.h">
      <Filter>Header Files</Filter>
    </ClInclude>
    <ClInclude Include="CParserUnicode.h">
      <Filter>Header Files</Filter>
    </ClInclude>
    <ClInclude Include="CScannerThread.h">
      <Filter>Header Files</Filter>
    </ClInclude>
    <ClInclude Include="CSearch.h">
      <Filter>Header Files</Filter>
    </ClInclude>
    <ClInclude Include="CSearchBoolean.h">
      <Filter>Header Files</Filter>
    </ClInclude>
    <ClInclude Include="CSearchKMP.h">
      <Filter>Header Files</Filter>
    </ClInclude>
    <ClInclude Include="CSearchLiteral.h">
      <Filter>Header Files</Filter>
    </ClInclude>
    <ClInclude Include="CSearchRegex.h">
      <Filter>Header Files</Filter>
    </ClInclude>
    <ClInclude Include="CSignal.h">
      <Filter>Header Files</Filter>
    </ClInclude>
    <ClInclude Include="CSignalPNI.h">
      <Filter>Header Files</Filter>
    </ClInclude>
    <ClInclude Include="CThread.h">
      <Filter>Header Files</Filter>
    </ClInclude>
    <ClInclude Include="CWorkerThread.h">
      <Filter>Header Files</Filter>
    </ClInclude>
    <ClInclude Include="DynamicHeap.h">
      <Filter>Header Files</Filter>
    </ClInclude>
    <ClInclude Include="guard.h">
      <Filter>Header Files</Filter>
    </ClInclude>
    <ClInclude Include="HelpText.h">
      <Filter>Header Files</Filter>
    </ClInclude>
    <ClInclude Include="Hive.h">
      <Filter>Header Files</Filter>
    </ClInclude>
    <ClInclude Include="List.h">
      <Filter>Header Files</Filter>
    </ClInclude>
    <ClInclude Include="ListDefaults.h">
      <Filter>Header Files</Filter>
    </ClInclude>
    <ClInclude Include="ListMisc.h">
      <Filter>Header Files</Filter>
    </ClInclude>
    <ClInclude Include="ListRegistry.h">
      <Filter>Header Files</Filter>
    </ClInclude>
    <ClInclude Include="ListShellDLL.h">
      <Filter>Header Files</Filter>
    </ClInclude>
    <ClInclude Include="ListTypes.h">
      <Filter>Header Files</Filter>
    </ClInclude>
    <ClInclude Include="NoticeBox.h">
      <Filter>Header Files</Filter>
    </ClInclude>
    <ClInclude Include="Pipe.h">
      <Filter>Header Files</Filter>
    </ClInclude>
    <ClInclude Include="PreferencesV2.h">
      <Filter>Header Files</Filter>
    </ClInclude>
    <ClInclude Include="Search.h">
      <Filter>Header Files</Filter>
    </ClInclude>
    <ClInclude Include="Settings.h">
      <Filter>Header Files</Filter>
    </ClInclude>
    <ClInclude Include="SmartLock.h">
      <Filter>Header Files</Filter>
    </ClInclude>
    <ClInclude Include="StaticHeap.h">
      <Filter>Header Files</Filter>
    </ClInclude>
    <ClInclude Include="TreeList.h">
      <Filter>Header Files</Filter>
    </ClInclude>
    <ClInclude Include="Updates.h">
      <Filter>Header Files</Filter>
    </ClInclude>
    <ClInclude Include="VarList.h">
      <Filter>Header Files</Filter>
    </ClInclude>
    <ClInclude Include="resource.h">
      <Filter>Resource Files</Filter>
    </ClInclude>
  </ItemGroup>
  <ItemGroup>
    <ClCompile Include="AboutBox.cpp">
      <Filter>Source Files</Filter>
    </ClCompile>
    <ClCompile Include="BuildNumber.cpp">
      <Filter>Source Files</Filter>
    </ClCompile>
    <ClCompile Include="CFastFile.cpp">
      <Filter>Source Files</Filter>
    </ClCompile>
    <ClCompile Include="CFileContext.cpp">
      <Filter>Source Files</Filter>
    </ClCompile>
    <ClCompile Include="CFileLinesDB.cpp">
      <Filter>Source Files</Filter>
    </ClCompile>
    <ClCompile Include="CHexLinesDB.cpp">
      <Filter>Source Files</Filter>
    </ClCompile>
    <ClCompile Include="CLinesDB.cpp">
      <Filter>Source Files</Filter>
    </ClCompile>
    <ClCompile Include="CMutex.cpp">
      <Filter>Source Files</Filter>
    </ClCompile>
    <ClCompile Include="CParser2.cpp">
      <Filter>Source Files</Filter>
    </ClCompile>
    <ClCompile Include="CParserASCII.cpp">
      <Filter>Source Files</Filter>
    </ClCompile>
    <ClCompile Include="CParserBinary.cpp">
      <Filter>Source Files</Filter>
    </ClCompile>
    <ClCompile Include="CParserMIRC.cpp">
      <Filter>Source Files</Filter>
    </ClCompile>
    <ClCompile Include="CParserUnicode.cpp">
      <Filter>Source Files</Filter>
    </ClCompile>
    <ClCompile Include="CScannerThread.cpp">
      <Filter>Source Files</Filter>
    </ClCompile>
    <ClCompile Include="CSearch.cpp">
      <Filter>Source Files</Filter>
    </ClCompile>
    <ClCompile Include="CSearchBoolean.cpp">
      <Filter>Source Files</Filter>
    </ClCompile>
    <ClCompile Include="CSearchKMP.cpp">
      <Filter>Source Files</Filter>
    </ClCompile>
    <ClCompile Include="CSearchLiteral.cpp">
      <Filter>Source Files</Filter>
    </ClCompile>
    <ClCompile Include="CSearchRegex.cpp">
      <Filter>Source Files</Filter>
    </ClCompile>
    <ClCompile Include="CSignal.cpp">
      <Filter>Source Files</Filter>
    </ClCompile>
    <ClCompile Include="CThread.cpp">
      <Filter>Source Files</Filter>
    </ClCompile>
    <ClCompile Include="FirstTime.cpp">
      <Filter>Source Files</Filter>
    </ClCompile>
    <ClCompile Include="guard.cpp">
      <Filter>Source Files</Filter>
    </ClCompile>
    <ClCompile Include="Hive.cpp">
      <Filter>Source Files</Filter>
    </ClCompile>
    <ClCompile Include="List.cpp">
      <Filter>Source Files</Filter>
    </ClCompile>
    <ClCompile Include="ListDefaults.cpp">
      <Filter>Source Files</Filter>
    </ClCompile>
    <ClCompile Include="ListMain.cpp">
      <Filter>Source Files</Filter>
    </ClCompile>
    <ClCompile Include="ListMisc.cpp">
      <Filter>Source Files</Filter>
    </ClCompile>
    <ClCompile Include="ListShellDLL.cpp">
      <Filter>Source Files</Filter>
    </ClCompile>
    <ClCompile Include="NoticeBox.cpp">
      <Filter>Source Files</Filter>
    </ClCompile>
    <ClCompile Include="Pipe.cpp">
      <Filter>Source Files</Filter>
    </ClCompile>
    <ClCompile Include="Preferences.cpp">
      <Filter>Source Files</Filter>
    </ClCompile>
    <ClCompile Include="PreferencesV2.cpp">
      <Filter>Source Files</Filter>
    </ClCompile>
    <ClCompile Include="Search.cpp">
      <Filter>Source Files</Filter>
    </ClCompile>
    <ClCompile Include="Settings.cpp">
      <Filter>Source Files</Filter>
    </ClCompile>
    <ClCompile Include="Updates.cpp">
      <Filter>Source Files</Filter>
    </ClCompile>
    <ClCompile Include="add1.cpp">
      <Filter>Resource Files</Filter>
    </ClCompile>
  </ItemGroup>
  <ItemGroup>
    <Image Include="list logo.bmp">
      <Filter>Resource Files</Filter>
    </Image>
    <Image Include="Right Click Menu.bmp">
      <Filter>Resource Files</Filter>
    </Image>
    <Image Include="ListXP icon.ico">
      <Filter>Resource Files</Filter>
    </Image>
  </ItemGroup>
  <ItemGroup>
    <None Include="list.opensdf" />
    <None Include="list.sdf" />
    <None Include="default1.bin">
      <Filter>Resource Files</Filter>
    </None>
  </ItemGroup>
  <ItemGroup>
    <ResourceCompile Include="list.rc">
      <Filter>Resource Files</Filter>
    </ResourceCompile>
  </ItemGroup>
  <ItemGroup>
    <Text Include="BuildNumber.txt">
      <Filter>Resource Files</Filter>
    </Text>
  </ItemGroup>
</Project>